{
  "nodes": {
    "autopilot": {
      "inputs": {
        "nixpkgs": [
          "kapack",
          "nixpkgs"
        ],
        "parts": [
          "kapack",
          "parts"
        ],
        "systems": [
          "kapack",
          "systems"
        ]
      },
      "locked": {
        "lastModified": 1771430673,
        "narHash": "sha256-wX8ynjXXRTixcs1xhhxyChpI4ngOt+Bg1p6o3ayc29U=",
        "owner": "stepbrobd",
        "repo": "autopilot",
        "rev": "e75e89136cf1792c0cbf1fcc7cc7dc027702ecc2",
        "type": "github"
      },
      "original": {
        "owner": "stepbrobd",
        "repo": "autopilot",
        "type": "github"
      }
    },
    "flake-utils": {
      "inputs": {
        "systems": "systems_2"
      },
      "locked": {
        "lastModified": 1731533236,
        "narHash": "sha256-l0KFg5HjrsfsO/JpG+r7fRrqm12kzFHyUHqHCVpMMbI=",
        "owner": "numtide",
        "repo": "flake-utils",
        "rev": "11707dc2f618dd54ca8739b309ec4fc024de578b",
        "type": "github"
      },
      "original": {
        "owner": "numtide",
        "repo": "flake-utils",
        "type": "github"
      }
    },
    "flake-utils_2": {
      "inputs": {
        "systems": "systems_3"
      },
      "locked": {
        "lastModified": 1731533236,
        "narHash": "sha256-l0KFg5HjrsfsO/JpG+r7fRrqm12kzFHyUHqHCVpMMbI=",
        "owner": "numtide",
        "repo": "flake-utils",
        "rev": "11707dc2f618dd54ca8739b309ec4fc024de578b",
        "type": "github"
      },
      "original": {
        "owner": "numtide",
        "repo": "flake-utils",
        "type": "github"
      }
    },
    "kapack": {
      "inputs": {
        "autopilot": "autopilot",
        "nixpkgs": [
          "nixpkgs"
        ],
        "parts": "parts",
        "systems": "systems"
      },
      "locked": {
        "host": "gricad-gitlab.univ-grenoble-alpes.fr",
        "lastModified": 1775769156,
        "narHash": "sha256-BBSg3yIt1yvbSlsZ0bAYKMmr3A3TvarHwwhxJsjzZy4=",
        "owner": "kairns",
        "repo": "kapack",
        "rev": "79dc06d0aea12559cd13d4cb0c8b9279f49672b3",
        "type": "gitlab"
      },
      "original": {
        "host": "gricad-gitlab.univ-grenoble-alpes.fr",
        "owner": "kairns",
        "repo": "kapack",
        "type": "gitlab"
      }
    },
    "kapack_2": {
      "inputs": {
        "flake-utils": "flake-utils_2",
        "nixpkgs": [
          "nxc",
          "nixpkgs"
        ]
      },
      "locked": {
        "lastModified": 1756999780,
        "narHash": "sha256-4/vC9w+eexK12RCv8uHMjRbyUtWZJyL2sDC1bdzjhyE=",
        "owner": "oar-team",
        "repo": "nur-kapack",
        "rev": "ba4f24ec8ded2ab933481112898319cdfcccee97",
        "type": "github"
      },
      "original": {
        "owner": "oar-team",
        "ref": "25.05",
        "repo": "nur-kapack",
        "type": "github"
      }
    },
    "nixpkgs": {
      "locked": {
        "lastModified": 1767313136,
        "narHash": "sha256-16KkgfdYqjaeRGBaYsNrhPRRENs0qzkQVUooNHtoy2w=",
        "owner": "NixOS",
        "repo": "nixpkgs",
        "rev": "ac62194c3917d5f474c1a844b6fd6da2db95077d",
        "type": "github"
      },
      "original": {
        "owner": "NixOS",
        "ref": "nixos-25.05",
        "repo": "nixpkgs",
        "type": "github"
      }
    },
    "nixpkgs-master": {
      "locked": {
        "lastModified": 1776089611,
        "narHash": "sha256-aULaDZo/2qSW232OJeqbvaJK7SBfO+SOIdpodxFWpl0=",
        "owner": "NixOS",
        "repo": "nixpkgs",
        "rev": "befad4b9635d3eeb9efb4840d2c93ce1dc9c1209",
        "type": "github"
      },
      "original": {
        "owner": "NixOS",
        "repo": "nixpkgs",
        "type": "github"
      }
    },
    "nxc": {
      "inputs": {
        "flake-utils": "flake-utils",
        "kapack": "kapack_2",
        "nixpkgs": [
          "nixpkgs"
        ]
      },
      "locked": {
        "lastModified": 1774390570,
        "narHash": "sha256-L8letNbv+a0Dn2khSzhjbghU1tJ9XdwC2gJD7eFPOdU=",
        "ref": "25.05",
        "rev": "3f53acab2cf4f963595622fa7bc726e05fe64d52",
        "revCount": 730,
        "type": "git",
        "url": "https://gitlab.inria.fr/nixos-compose/nixos-compose.git"
      },
      "original": {
        "ref": "25.05",
        "type": "git",
        "url": "https://gitlab.inria.fr/nixos-compose/nixos-compose.git"
      }
    },
    "parts": {
      "inputs": {
        "nixpkgs-lib": [
          "kapack",
          "nixpkgs"
        ]
      },
      "locked": {
        "lastModified": 1760948891,
        "narHash": "sha256-TmWcdiUUaWk8J4lpjzu4gCGxWY6/Ok7mOK4fIFfBuU4=",
        "owner": "hercules-ci",
        "repo": "flake-parts",
        "rev": "864599284fc7c0ba6357ed89ed5e2cd5040f0c04",
        "type": "github"
      },
      "original": {
        "owner": "hercules-ci",
        "repo": "flake-parts",
        "type": "github"
      }
    },
    "root": {
      "inputs": {
        "kapack": "kapack",
        "nixpkgs": "nixpkgs",
        "nixpkgs-master": "nixpkgs-master",
        "nxc": "nxc"
      }
    },
    "systems": {
      "locked": {
        "lastModified": 1681028828,
        "narHash": "sha256-Vy1rq5AaRuLzOxct8nz4T6wlgyUR7zLU309k9mBC768=",
        "owner": "nix-systems",
        "repo": "default",
        "rev": "da67096a3b9bf56a91d16901293e51ba5b49a27e",
        "type": "github"
      },
      "original": {
        "owner": "nix-systems",
        "repo": "default",
        "type": "github"
      }
    },
    "systems_2": {
      "locked": {
        "lastModified": 1681028828,
        "narHash": "sha256-Vy1rq5AaRuLzOxct8nz4T6wlgyUR7zLU309k9mBC768=",
        "owner": "nix-systems",
        "repo": "default",
        "rev": "da67096a3b9bf56a91d16901293e51ba5b49a27e",
        "type": "github"
      },
      "original": {
        "owner": "nix-systems",
        "repo": "default",
        "type": "github"
      }
    },
    "systems_3": {
      "locked": {
        "lastModified": 1681028828,
        "narHash": "sha256-Vy1rq5AaRuLzOxct8nz4T6wlgyUR7zLU309k9mBC768=",
        "owner": "nix-systems",
        "repo": "default",
        "rev": "da67096a3b9bf56a91d16901293e51ba5b49a27e",
        "type": "github"
      },
      "original": {
        "owner": "nix-systems",
        "repo": "default",
        "type": "github"
      }
    }
  },
  "root": "root",
  "version": 7
}
