{
  "nodes": {
    "NUR": {
      "locked": {
        "lastModified": 1635876996,
        "narHash": "sha256-XEL96O4xSSnU7QiZ/qctGVFeqXOuTApQ6LALr23SWpc=",
        "owner": "nix-community",
        "repo": "NUR",
        "rev": "1933c7eff8e9640a02163c45eee919e2e52d080a",
        "type": "github"
      },
      "original": {
        "owner": "nix-community",
        "repo": "NUR",
        "type": "github"
      }
    },
    "kapack": {
      "inputs": {
        "nixpkgs": [
          "nixpkgs"
        ]
      },
      "locked": {
        "lastModified": 1635880305,
        "narHash": "sha256-a7bFskPmkgy1y5voHwmHD5hJ2kkCTm00cdPaxIzApxI=",
        "owner": "oar-team",
        "repo": "nur-kapack",
        "rev": "421cd8768a2f2a12db4588207ebb32ac03f4cae2",
        "type": "github"
      },
      "original": {
        "owner": "oar-team",
        "repo": "nur-kapack",
        "type": "github"
      }
    },
    "nixpkgs": {
      "locked": {
        "lastModified": 1635781173,
        "narHash": "sha256-nTA2y2jIJiVj5RawHUNhlZUIy5J/Q2CA6YP4T1qBkLo=",
        "owner": "NixOS",
        "repo": "nixpkgs",
        "rev": "7053541084bf5ce2921ef307e5585d39d7ba8b3f",
        "type": "github"
      },
      "original": {
        "owner": "NixOS",
        "ref": "nixpkgs-unstable",
        "repo": "nixpkgs",
        "type": "github"
      }
    },
    "root": {
      "inputs": {
        "NUR": "NUR",
        "kapack": "kapack",
        "nixpkgs": "nixpkgs"
      }
    }
  },
  "root": "root",
  "version": 7
}
