{
  "nodes": {
    "NUR": {
      "locked": {
        "lastModified": 1634107902,
        "narHash": "sha256-6kFJa9FJ2HXEjas6eTGD01pteH8mQ/AAvyaZAOm/aNo=",
        "owner": "nix-community",
        "repo": "NUR",
        "rev": "110bc972c6390ddc7590ea2cf97439f05b253807",
        "type": "github"
      },
      "original": {
        "owner": "nix-community",
        "repo": "NUR",
        "type": "github"
      }
    },
    "kapack": {
      "inputs": {
        "nixpkgs": "nixpkgs"
      },
      "locked": {
        "lastModified": 1633727024,
        "narHash": "sha256-1J1aRJ0yPExSrig+8wOJjRVDW1s5z1UXrBWHjEhQueY=",
        "owner": "oar-team",
        "repo": "nur-kapack",
        "rev": "57f34c9de41d6ffe71b74ea0b87e3cf52fb81361",
        "type": "github"
      },
      "original": {
        "owner": "oar-team",
        "repo": "nur-kapack",
        "type": "github"
      }
    },
    "nixpkgs": {
      "locked": {
        "lastModified": 1621169420,
        "narHash": "sha256-NKFX7QhxRQkaw0+NjcZ6N+cYpDs7gkpMHxNC8QHkprg=",
        "owner": "NixOS",
        "repo": "nixpkgs",
        "rev": "c58b97674b12d238d9d21e8ab9ee9d7a6b81ae8f",
        "type": "github"
      },
      "original": {
        "owner": "NixOS",
        "ref": "nixpkgs-unstable",
        "repo": "nixpkgs",
        "type": "github"
      }
    },
    "nixpkgs_2": {
      "locked": {
        "lastModified": 1617645128,
        "narHash": "sha256-1sOEfL51Qx8hZs8CWyNryooeI0uV0J3n0Sh2wcsjH8Y=",
        "owner": "NixOS",
        "repo": "nixpkgs",
        "rev": "2293b337e1c3a5d68378449866ca71204f0a0f86",
        "type": "github"
      },
      "original": {
        "id": "nixpkgs",
        "type": "indirect"
      }
    },
    "root": {
      "inputs": {
        "NUR": "NUR",
        "kapack": "kapack",
        "nixpkgs": "nixpkgs_2"
      }
    }
  },
  "root": "root",
  "version": 7
}
